{
  "name": "test",
  "lockfileVersion": 3,
  "requires": true,
  "packages": {
    "": {
      "dependencies": {
        "pareto-core-dev": "^0.12.7",
        "pareto-host-nodejs": "^0.2.17",
        "pub": "file:../pub"
      }
    },
    "../pub": {
      "name": "pareto-resources",
      "version": "0.2.27",
      "dependencies": {
        "astn-core": "^0.5.18",
        "pareto-fountain-pen": "^0.4.15"
      }
    },
    "node_modules/astn-core": {
      "version": "0.5.18",
      "resolved": "https://registry.npmjs.org/astn-core/-/astn-core-0.5.18.tgz",
      "integrity": "sha512-LwZdRbfvFai3bTK8yDVO4PQ6yxmlhbgnpCa7zc4dtc20s8bVZ1etEqVDuqbf7jRaxbGPgs0KxnGIdcn53OXz+g==",
      "license": "Apache-2.0",
      "dependencies": {
        "pareto-fountain-pen": "^0.4.15"
      }
    },
    "node_modules/pareto-core": {
      "version": "0.1.30",
      "resolved": "https://registry.npmjs.org/pareto-core/-/pareto-core-0.1.30.tgz",
      "integrity": "sha512-6O0pQYDbUC7UJcZ4gi9sw3y7mHs8yFz7vkW0+GzMr6QpckFoVW3ih/OITbC8IV4DHoANyHGw/KpHmtlxFA5Vow==",
      "license": "ISC"
    },
    "node_modules/pareto-core-dev": {
      "version": "0.12.7",
      "resolved": "https://registry.npmjs.org/pareto-core-dev/-/pareto-core-dev-0.12.7.tgz",
      "integrity": "sha512-NOyVgPhJIuJpLkX2QcsUVETslAzjzOrBJAxMHoGZnq3mvlr0WjkZ5fExa0x7i1ntb93yYKAAVLtrQK/I9rJy8w==",
      "license": "ISC",
      "dependencies": {
        "pareto-core": "^0.1.30"
      }
    },
    "node_modules/pareto-core-shorthands": {
      "version": "0.2.18",
      "resolved": "https://registry.npmjs.org/pareto-core-shorthands/-/pareto-core-shorthands-0.2.18.tgz",
      "integrity": "sha512-ebfwNolg1bHQxxXniRZ8vgYCnSUwa1ub6TAwK8kMA7A21Zi6ur6+SyTdG4VeRFmNxoiyQADN9qJwngHVsFosbQ==",
      "license": "ISC",
      "dependencies": {
        "pareto-core": "^0.1.30"
      }
    },
    "node_modules/pareto-fountain-pen": {
      "version": "0.4.15",
      "resolved": "https://registry.npmjs.org/pareto-fountain-pen/-/pareto-fountain-pen-0.4.15.tgz",
      "integrity": "sha512-sDFiJzTPSIDd6N5zmr+uZ51+fYQresN/PQOYM0UDid5d9je3LYSFaYEh5eJ4AgZ0HJJ8bMrj1aIJ+UTyke2nRQ==",
      "license": "Apache-2.0",
      "dependencies": {
        "pareto-core": "^0.1.29",
        "pareto-core-shorthands": "^0.2.17"
      },
      "engines": {
        "node": ">=14.0.0"
      }
    },
    "node_modules/pareto-host-nodejs": {
      "version": "0.2.17",
      "resolved": "https://registry.npmjs.org/pareto-host-nodejs/-/pareto-host-nodejs-0.2.17.tgz",
      "integrity": "sha512-2Mv3yNDQqsTIGise6wdWbHO7mjusIN+9qNZeqxjbkyp7rtS/aJXb88ogzbmYJ3AG/FyVn9o5V0HLOyZmapgn7A==",
      "license": "ISC",
      "dependencies": {
        "pareto-fountain-pen": "^0.4.15",
        "pareto-resources": "^0.2.26"
      }
    },
    "node_modules/pareto-resources": {
      "version": "0.2.26",
      "resolved": "https://registry.npmjs.org/pareto-resources/-/pareto-resources-0.2.26.tgz",
      "integrity": "sha512-WuZiOFTXYKnVnS4DemDT4wiQ9SJ3NmaZJE88zwdQy1EvOilOKSAlNydMEnAuUTB5I3MH9FHNdgJfUEd5iLR+bg==",
      "dependencies": {
        "astn-core": "^0.5.18",
        "pareto-fountain-pen": "^0.4.15"
      }
    },
    "node_modules/pub": {
      "resolved": "../pub",
      "link": true
    }
  }
}
