{
  "name": "pareto-resources",
  "version": "0.2.154",
  "lockfileVersion": 3,
  "requires": true,
  "packages": {
    "": {
      "name": "pareto-resources",
      "version": "0.2.154",
      "license": "Apache-2.0",
      "dependencies": {
        "pareto-core": "^0.1.0",
        "pareto-fountain-pen": "^0.4.0"
      }
    },
    "node_modules/pareto-core": {
      "version": "0.1.283",
      "resolved": "https://registry.npmjs.org/pareto-core/-/pareto-core-0.1.283.tgz",
      "integrity": "sha512-dkMaACpKJVvRfyJyYnaDiOxzXwJJrAKJH24KJEKSe+4QIAzsEQNQTg/IQH63QXMQgL1Vg8HAGVXKp8JJfFo5uw==",
      "license": "Apache-2.0"
    },
    "node_modules/pareto-core-shorthands": {
      "version": "0.2.61",
      "resolved": "https://registry.npmjs.org/pareto-core-shorthands/-/pareto-core-shorthands-0.2.61.tgz",
      "integrity": "sha512-dCPj+lF9rBzFYc94/Hd27cHzki7pYixB/UgoznIGkf3Eay8Ydv6yMTLEnMZ9aMfSaEjiwJFXkg21zijCI0R2ww==",
      "license": "Apache-2.0",
      "dependencies": {
        "pareto-core": "^0.1.0"
      }
    },
    "node_modules/pareto-fountain-pen": {
      "version": "0.4.108",
      "resolved": "https://registry.npmjs.org/pareto-fountain-pen/-/pareto-fountain-pen-0.4.108.tgz",
      "integrity": "sha512-3l40PnPQZOs3pztGjBpSox93tFJOmI46mGcrAl03cX89eWD8EpUu0kAhVJGgRK5DQfH19uJEc4HJXyM/g7cizw==",
      "license": "Apache-2.0",
      "dependencies": {
        "pareto-core": "^0.1.0",
        "pareto-core-shorthands": "^0.2.0"
      },
      "engines": {
        "node": ">=14.0.0"
      }
    }
  }
}
