{
  "name": "pareto-resources",
  "version": "0.2.51",
  "lockfileVersion": 3,
  "requires": true,
  "packages": {
    "": {
      "name": "pareto-resources",
      "version": "0.2.51",
      "license": "Apache-2.0",
      "dependencies": {
        "liana-core": "^0.0.23",
        "pareto-fountain-pen": "^0.4.45"
      }
    },
    "node_modules/astn-core": {
      "version": "0.5.42",
      "resolved": "https://registry.npmjs.org/astn-core/-/astn-core-0.5.42.tgz",
      "integrity": "sha512-xQvEm998+el4kTNvDVBEsbw2q1cyBZ4gS5sszYnsuqLZ5NE1XhTOprxxoKdZiQ32eq5GAtZpNqwOBmznvGUbOA==",
      "license": "Apache-2.0",
      "dependencies": {
        "pareto-fountain-pen": "^0.4.45"
      }
    },
    "node_modules/liana-core": {
      "version": "0.0.23",
      "resolved": "https://registry.npmjs.org/liana-core/-/liana-core-0.0.23.tgz",
      "integrity": "sha512-BTdomA6ei1aNOvqYOeAGPWFBYmh3OjwPXjYcUl8kIrZRvJg+9O3gJHpeG3+7YDko2ylIxM5pJDjmRtHcWPtYvw==",
      "license": "Apache-2.0",
      "dependencies": {
        "astn-core": "^0.5.42",
        "pareto-core": "^0.1.45"
      }
    },
    "node_modules/pareto-core": {
      "version": "0.1.45",
      "resolved": "https://registry.npmjs.org/pareto-core/-/pareto-core-0.1.45.tgz",
      "integrity": "sha512-N+aoG/usUcwgXyhM92koMKcYZjv1Lnb481w95vVM0JfRUGLvYQJ/IlstaVcQXKmZOUsdH/3jq+zqf3DFhti9rw==",
      "license": "ISC"
    },
    "node_modules/pareto-core-shorthands": {
      "version": "0.2.20",
      "resolved": "https://registry.npmjs.org/pareto-core-shorthands/-/pareto-core-shorthands-0.2.20.tgz",
      "integrity": "sha512-ooiaVuaSzNIE2htkyTYP6IJCNY44v9w1mrd3IsJ4/5afsauDdlHNd4rmh0+Twi68w7ygLV884mpBRNgAc2SekQ==",
      "license": "ISC",
      "dependencies": {
        "pareto-core": "^0.1.42"
      }
    },
    "node_modules/pareto-fountain-pen": {
      "version": "0.4.45",
      "resolved": "https://registry.npmjs.org/pareto-fountain-pen/-/pareto-fountain-pen-0.4.45.tgz",
      "integrity": "sha512-P/51wTZpPY/3byHm1D8q4/A68yILSOgpgodlXJ53LZOkuvLiP+fGricVZQWy9hx2RznYz2WfpYIIiR1Mbov0Ag==",
      "license": "Apache-2.0",
      "dependencies": {
        "pareto-core": "^0.1.43",
        "pareto-core-shorthands": "^0.2.20"
      },
      "engines": {
        "node": ">=14.0.0"
      }
    }
  }
}
