{
  "name": "pareto-resources",
  "version": "0.2.18",
  "lockfileVersion": 3,
  "requires": true,
  "packages": {
    "": {
      "name": "pareto-resources",
      "version": "0.2.18",
      "dependencies": {
        "astn-core": "^0.5.16",
        "pareto-fountain-pen": "^0.4.11"
      }
    },
    "node_modules/astn-core": {
      "version": "0.5.16",
      "resolved": "https://registry.npmjs.org/astn-core/-/astn-core-0.5.16.tgz",
      "integrity": "sha512-QesZ+zWXGrlobW2OxUNB5DRKbQc+C0kPrbTs+KflLv1ZFISxy/c28oJmAVQFiSn+opYOx/RPQaJQp3ktqWwbYg==",
      "license": "Apache-2.0",
      "dependencies": {
        "pareto-fountain-pen": "^0.4.11"
      }
    },
    "node_modules/pareto-core": {
      "version": "0.1.29",
      "resolved": "https://registry.npmjs.org/pareto-core/-/pareto-core-0.1.29.tgz",
      "integrity": "sha512-c6xn320n4+MB7a4uZskjAewcYh2iIfzKmo35BCdKFp4rm5qviuhIRQrjzawXBzzyCA9EhFhzMY+Xce2/pDBsBw==",
      "license": "ISC"
    },
    "node_modules/pareto-core-shorthands": {
      "version": "0.2.17",
      "resolved": "https://registry.npmjs.org/pareto-core-shorthands/-/pareto-core-shorthands-0.2.17.tgz",
      "integrity": "sha512-5j6bCRoTEzDHEWPBMnITA5Qf2qxNizhe5WjDLwbZrYK/OYIvJsYVZIUx/8kIUnBMNg8nk50cP4jOleEGZmKLPg==",
      "license": "ISC",
      "dependencies": {
        "pareto-core": "^0.1.25"
      }
    },
    "node_modules/pareto-fountain-pen": {
      "version": "0.4.11",
      "resolved": "https://registry.npmjs.org/pareto-fountain-pen/-/pareto-fountain-pen-0.4.11.tgz",
      "integrity": "sha512-simlx7Vtk2M/IfRKUXoxIOoDW1EJ1O3ZKf3W8ojf1YnLLgeXP5tO2U4/yIwzqai3/wnfuMMYXmYj/W39C6MFkw==",
      "license": "Apache-2.0",
      "dependencies": {
        "pareto-core": "^0.1.27",
        "pareto-core-shorthands": "^0.2.17"
      },
      "engines": {
        "node": ">=14.0.0"
      }
    }
  }
}
